
Microsoft Visual Studio Solution File, Format Version 12.00
# Visual Studio Version 17
VisualStudioVersion = 17.10.35027.167
MinimumVisualStudioVersion = 10.0.40219.1
Project("{FAE04EC0-301F-11D3-BF4B-00C04F79EFBC}") = "Exercicioaula142", "Exercicioaula142.csproj", "{5334DC50-0F10-4D12-BFCC-8D4187E96413}"
EndProject
Global
	GlobalSection(SolutionConfigurationPlatforms) = preSolution
		Debug|Any CPU = Debug|Any CPU
		Release|Any CPU = Release|Any CPU
	EndGlobalSection
	GlobalSection(ProjectConfigurationPlatforms) = postSolution
		{5334DC50-0F10-4D12-BFCC-8D4187E96413}.Debug|Any CPU.ActiveCfg = Debug|Any CPU
		{5334DC50-0F10-4D12-BFCC-8D4187E96413}.Debug|Any CPU.Build.0 = Debug|Any CPU
		{5334DC50-0F10-4D12-BFCC-8D4187E96413}.Release|Any CPU.ActiveCfg = Release|Any CPU
		{5334DC50-0F10-4D12-BFCC-8D4187E96413}.Release|Any CPU.Build.0 = Release|Any CPU
	EndGlobalSection
	GlobalSection(SolutionProperties) = preSolution
		HideSolutionNode = FALSE
	EndGlobalSection
	GlobalSection(ExtensibilityGlobals) = postSolution
		SolutionGuid = {C8883815-A332-4099-83E9-D7932A9552DD}
	EndGlobalSection
EndGlobal
